
Microsoft Visual Studio Solution File, Format Version 11.00
# Visual Studio 2010
Project("{FAE04EC0-301F-11D3-BF4B-00C04F79EFBC}") = "UITest.Silverlight", "UITest.Silverlight.csproj", "{565A60AF-7228-4343-8BE3-D477357D5690}"
EndProject
Project("{FAE04EC0-301F-11D3-BF4B-00C04F79EFBC}") = "UITest.Web", "..\UITest.Web\UITest.Web.csproj", "{38898604-568F-437B-9805-163DE0B7C1AA}"
EndProject
Global
	GlobalSection(SolutionConfigurationPlatforms) = preSolution
		Debug|Any CPU = Debug|Any CPU
		Release|Any CPU = Release|Any CPU
	EndGlobalSection
	GlobalSection(ProjectConfigurationPlatforms) = postSolution
		{565A60AF-7228-4343-8BE3-D477357D5690}.Debug|Any CPU.ActiveCfg = Debug|Any CPU
		{565A60AF-7228-4343-8BE3-D477357D5690}.Debug|Any CPU.Build.0 = Debug|Any CPU
		{565A60AF-7228-4343-8BE3-D477357D5690}.Release|Any CPU.ActiveCfg = Release|Any CPU
		{565A60AF-7228-4343-8BE3-D477357D5690}.Release|Any CPU.Build.0 = Release|Any CPU
		{38898604-568F-437B-9805-163DE0B7C1AA}.Debug|Any CPU.ActiveCfg = Debug|Any CPU
		{38898604-568F-437B-9805-163DE0B7C1AA}.Debug|Any CPU.Build.0 = Debug|Any CPU
		{38898604-568F-437B-9805-163DE0B7C1AA}.Release|Any CPU.ActiveCfg = Release|Any CPU
		{38898604-568F-437B-9805-163DE0B7C1AA}.Release|Any CPU.Build.0 = Release|Any CPU
	EndGlobalSection
	GlobalSection(SolutionProperties) = preSolution
		HideSolutionNode = FALSE
	EndGlobalSection
EndGlobal
