
Microsoft Visual Studio Solution File, Format Version 10.00
# Visual Studio 2008
Project("{D2ABAB84-BF74-430A-B69E-9DC6D40DDA17}") = "FlexERP.Financeiro", "FlexERP.Financeiro\FlexERP.Financeiro.dwproj", "{9EE516AF-7950-4166-A9BD-79EA9136EB5D}"
EndProject
Global
	GlobalSection(SolutionConfigurationPlatforms) = preSolution
		Development|Default = Development|Default
	EndGlobalSection
	GlobalSection(ProjectConfigurationPlatforms) = postSolution
		{9EE516AF-7950-4166-A9BD-79EA9136EB5D}.Development|Default.ActiveCfg = Development
		{9EE516AF-7950-4166-A9BD-79EA9136EB5D}.Development|Default.Build.0 = Development
		{9EE516AF-7950-4166-A9BD-79EA9136EB5D}.Development|Default.Deploy.0 = Development
	EndGlobalSection
	GlobalSection(SolutionProperties) = preSolution
		HideSolutionNode = FALSE
	EndGlobalSection
EndGlobal
