
Microsoft Visual Studio Solution File, Format Version 11.00
# Visual Studio 2010
Project("{2150E333-8FDC-42A3-9474-1A3956D46DE8}") = "Modules", "Modules", "{414497B7-D36D-44D7-9A83-2C7D5327B055}"
EndProject
Project("{2150E333-8FDC-42A3-9474-1A3956D46DE8}") = "Server", "Server", "{8C8DE734-036B-4D2D-8AD1-E311BBC5712C}"
EndProject
Project("{2150E333-8FDC-42A3-9474-1A3956D46DE8}") = "Client", "Client", "{B8B45FE0-282A-4227-945C-9945CE5916CC}"
EndProject
Project("{2150E333-8FDC-42A3-9474-1A3956D46DE8}") = "Modules", "Modules", "{20958F29-4ACF-495C-AA87-76DDC5081AB9}"
EndProject
Project("{2150E333-8FDC-42A3-9474-1A3956D46DE8}") = "Shared.Silverlight", "Shared.Silverlight", "{5F32A22C-2323-4FCC-88CC-A783D68C3CC4}"
EndProject
Project("{2150E333-8FDC-42A3-9474-1A3956D46DE8}") = "Shared.Classic", "Shared.Classic", "{AEF53617-4B25-45DC-AEEC-BB5A6F7D8032}"
EndProject
Project("{2150E333-8FDC-42A3-9474-1A3956D46DE8}") = "Services", "Services", "{2545C36A-FE55-466E-B8BD-7EBC0E762458}"
EndProject
Project("{FAE04EC0-301F-11D3-BF4B-00C04F79EFBC}") = "Wing.Server.Host", "Server\Wing.Server.Host\Wing.Server.Host.csproj", "{40ED3DC9-158F-440E-8717-897271D47AC8}"
EndProject
Project("{FAE04EC0-301F-11D3-BF4B-00C04F79EFBC}") = "Wing.Soa", "Server\Wing.Soa\Wing.Soa.csproj", "{B3EF0841-9C77-4364-AD6D-37ADB4DF09EE}"
EndProject
Project("{FAE04EC0-301F-11D3-BF4B-00C04F79EFBC}") = "Wing.Server.Bootstrap", "Server\Wing.Server.Bootstrap\Wing.Server.Bootstrap.csproj", "{759844D2-8DF7-436D-8AF7-625EE2034F26}"
EndProject
Project("{FAE04EC0-301F-11D3-BF4B-00C04F79EFBC}") = "Wing.Server.Core", "Server\Wing.Server.Core\Wing.Server.Core.csproj", "{46126CDD-E535-4655-B974-EEE76830F75B}"
EndProject
Project("{FAE04EC0-301F-11D3-BF4B-00C04F79EFBC}") = "Wing.UnityServiceLocator", "Shared\Wing.UnityServiceLocator\Wing.UnityServiceLocator.csproj", "{AF40F839-961F-4A21-B5B3-50FF0F48B3B2}"
EndProject
Project("{FAE04EC0-301F-11D3-BF4B-00C04F79EFBC}") = "Wing.Core", "Shared\Wing.Core\Wing.Core.csproj", "{0FB48CFD-AC85-4207-93B5-AB3E1F1798F4}"
EndProject
Project("{FAE04EC0-301F-11D3-BF4B-00C04F79EFBC}") = "Wing.Core.Silverlight", "Shared\Wing.Core.Silverlight\Wing.Core.Silverlight.csproj", "{A8340CDA-5F58-49DD-A30F-E65376471CAB}"
EndProject
Project("{FAE04EC0-301F-11D3-BF4B-00C04F79EFBC}") = "Wing.UnityServiceLocator.Silverlight", "Shared\Wing.UnityServiceLocator.Silverlight\Wing.UnityServiceLocator.Silverlight.csproj", "{2503AD7B-4B19-4AE2-8D7F-39811FFEB13A}"
EndProject
Project("{FAE04EC0-301F-11D3-BF4B-00C04F79EFBC}") = "Wing.Client.Host", "Client\Wing.Client.Host\Wing.Client.Host.csproj", "{B5802382-EE85-4BFE-ADE3-2A5B82D9F1BB}"
EndProject
Project("{FAE04EC0-301F-11D3-BF4B-00C04F79EFBC}") = "Wing.Utils", "Shared\Wing.Utils\Wing.Utils.csproj", "{B85562FD-9A9B-438E-928D-B12C7DF3CF2E}"
EndProject
Project("{FAE04EC0-301F-11D3-BF4B-00C04F79EFBC}") = "Wing.Utils.Silverlight", "Shared\Wing.Utils.Silverlight\Wing.Utils.Silverlight.csproj", "{800645BA-2D1E-4C5A-9CDD-8C5FF093EC31}"
EndProject
Project("{FAE04EC0-301F-11D3-BF4B-00C04F79EFBC}") = "Wing.Client.Core", "Client\Wing.Client.Core\Wing.Client.Core.csproj", "{28374482-C3AB-4F4C-A1DD-A8167D7F23D7}"
EndProject
Project("{FAE04EC0-301F-11D3-BF4B-00C04F79EFBC}") = "Wing.Server.Modules.WingClientSupport", "Server\Modules\Wing.Server.Modules.WingClientSupport\Wing.Server.Modules.WingClientSupport.csproj", "{C33D6AF4-A6B8-492F-9871-BF6120915D71}"
EndProject
Project("{FAE04EC0-301F-11D3-BF4B-00C04F79EFBC}") = "Wing.Client.Bootstrap", "Client\Wing.Client.Bootstrap\Wing.Client.Bootstrap.csproj", "{0A892CAD-75C0-486F-AAD1-A7BEB434CC2D}"
EndProject
Project("{FAE04EC0-301F-11D3-BF4B-00C04F79EFBC}") = "Wing.Composite.Presentation", "Client\Wing.Presentation\Wing.Composite.Presentation.csproj", "{C8D3B5A8-5985-4659-A49C-4CCFB0152676}"
EndProject
Project("{FAE04EC0-301F-11D3-BF4B-00C04F79EFBC}") = "Wing.Composite", "Client\Wing.Composite\Wing.Composite.csproj", "{7A751BB0-5CB7-4429-86E6-760F47BA3369}"
EndProject
Project("{FAE04EC0-301F-11D3-BF4B-00C04F79EFBC}") = "Wing.Client.Modules.Shell", "Client\Modules\Wing.Client.Modules.Shell\Wing.Client.Modules.Shell.csproj", "{35579DF5-0FD1-4334-ACC2-4800FFC2827F}"
EndProject
Project("{FAE04EC0-301F-11D3-BF4B-00C04F79EFBC}") = "Wing.Client.Sdk", "Client\Wing.Client.Sdk\Wing.Client.Sdk.csproj", "{A52229CB-C24D-4B2E-AEB9-5E3519CD94CF}"
EndProject
Project("{FAE04EC0-301F-11D3-BF4B-00C04F79EFBC}") = "Wing.Client.Modules.DefaultTheme", "Client\Modules\Wing.Client.Modules.DefaultTheme\Wing.Client.Modules.DefaultTheme.csproj", "{52C51ECD-D368-42A1-B3AB-BBFA1BC4EDAA}"
EndProject
Project("{FAE04EC0-301F-11D3-BF4B-00C04F79EFBC}") = "Wing.Client.Modules.Home", "Client\Modules\Wing.Client.Modules.Home\Wing.Client.Modules.Home.csproj", "{9F34DBC8-87CA-426E-8826-3902B74D4F39}"
EndProject
Global
	GlobalSection(SolutionConfigurationPlatforms) = preSolution
		Debug|Any CPU = Debug|Any CPU
		Release|Any CPU = Release|Any CPU
	EndGlobalSection
	GlobalSection(ProjectConfigurationPlatforms) = postSolution
		{40ED3DC9-158F-440E-8717-897271D47AC8}.Debug|Any CPU.ActiveCfg = Debug|Any CPU
		{40ED3DC9-158F-440E-8717-897271D47AC8}.Debug|Any CPU.Build.0 = Debug|Any CPU
		{40ED3DC9-158F-440E-8717-897271D47AC8}.Release|Any CPU.ActiveCfg = Release|Any CPU
		{40ED3DC9-158F-440E-8717-897271D47AC8}.Release|Any CPU.Build.0 = Release|Any CPU
		{B3EF0841-9C77-4364-AD6D-37ADB4DF09EE}.Debug|Any CPU.ActiveCfg = Debug|Any CPU
		{B3EF0841-9C77-4364-AD6D-37ADB4DF09EE}.Debug|Any CPU.Build.0 = Debug|Any CPU
		{B3EF0841-9C77-4364-AD6D-37ADB4DF09EE}.Release|Any CPU.ActiveCfg = Release|Any CPU
		{B3EF0841-9C77-4364-AD6D-37ADB4DF09EE}.Release|Any CPU.Build.0 = Release|Any CPU
		{759844D2-8DF7-436D-8AF7-625EE2034F26}.Debug|Any CPU.ActiveCfg = Debug|Any CPU
		{759844D2-8DF7-436D-8AF7-625EE2034F26}.Debug|Any CPU.Build.0 = Debug|Any CPU
		{759844D2-8DF7-436D-8AF7-625EE2034F26}.Release|Any CPU.ActiveCfg = Release|Any CPU
		{759844D2-8DF7-436D-8AF7-625EE2034F26}.Release|Any CPU.Build.0 = Release|Any CPU
		{46126CDD-E535-4655-B974-EEE76830F75B}.Debug|Any CPU.ActiveCfg = Debug|Any CPU
		{46126CDD-E535-4655-B974-EEE76830F75B}.Debug|Any CPU.Build.0 = Debug|Any CPU
		{46126CDD-E535-4655-B974-EEE76830F75B}.Release|Any CPU.ActiveCfg = Release|Any CPU
		{46126CDD-E535-4655-B974-EEE76830F75B}.Release|Any CPU.Build.0 = Release|Any CPU
		{AF40F839-961F-4A21-B5B3-50FF0F48B3B2}.Debug|Any CPU.ActiveCfg = Debug|Any CPU
		{AF40F839-961F-4A21-B5B3-50FF0F48B3B2}.Debug|Any CPU.Build.0 = Debug|Any CPU
		{AF40F839-961F-4A21-B5B3-50FF0F48B3B2}.Release|Any CPU.ActiveCfg = Release|Any CPU
		{AF40F839-961F-4A21-B5B3-50FF0F48B3B2}.Release|Any CPU.Build.0 = Release|Any CPU
		{0FB48CFD-AC85-4207-93B5-AB3E1F1798F4}.Debug|Any CPU.ActiveCfg = Debug|Any CPU
		{0FB48CFD-AC85-4207-93B5-AB3E1F1798F4}.Debug|Any CPU.Build.0 = Debug|Any CPU
		{0FB48CFD-AC85-4207-93B5-AB3E1F1798F4}.Release|Any CPU.ActiveCfg = Release|Any CPU
		{0FB48CFD-AC85-4207-93B5-AB3E1F1798F4}.Release|Any CPU.Build.0 = Release|Any CPU
		{A8340CDA-5F58-49DD-A30F-E65376471CAB}.Debug|Any CPU.ActiveCfg = Debug|Any CPU
		{A8340CDA-5F58-49DD-A30F-E65376471CAB}.Debug|Any CPU.Build.0 = Debug|Any CPU
		{A8340CDA-5F58-49DD-A30F-E65376471CAB}.Release|Any CPU.ActiveCfg = Release|Any CPU
		{A8340CDA-5F58-49DD-A30F-E65376471CAB}.Release|Any CPU.Build.0 = Release|Any CPU
		{2503AD7B-4B19-4AE2-8D7F-39811FFEB13A}.Debug|Any CPU.ActiveCfg = Debug|Any CPU
		{2503AD7B-4B19-4AE2-8D7F-39811FFEB13A}.Debug|Any CPU.Build.0 = Debug|Any CPU
		{2503AD7B-4B19-4AE2-8D7F-39811FFEB13A}.Release|Any CPU.ActiveCfg = Release|Any CPU
		{2503AD7B-4B19-4AE2-8D7F-39811FFEB13A}.Release|Any CPU.Build.0 = Release|Any CPU
		{B5802382-EE85-4BFE-ADE3-2A5B82D9F1BB}.Debug|Any CPU.ActiveCfg = Debug|Any CPU
		{B5802382-EE85-4BFE-ADE3-2A5B82D9F1BB}.Debug|Any CPU.Build.0 = Debug|Any CPU
		{B5802382-EE85-4BFE-ADE3-2A5B82D9F1BB}.Release|Any CPU.ActiveCfg = Release|Any CPU
		{B5802382-EE85-4BFE-ADE3-2A5B82D9F1BB}.Release|Any CPU.Build.0 = Release|Any CPU
		{B85562FD-9A9B-438E-928D-B12C7DF3CF2E}.Debug|Any CPU.ActiveCfg = Debug|Any CPU
		{B85562FD-9A9B-438E-928D-B12C7DF3CF2E}.Debug|Any CPU.Build.0 = Debug|Any CPU
		{B85562FD-9A9B-438E-928D-B12C7DF3CF2E}.Release|Any CPU.ActiveCfg = Release|Any CPU
		{B85562FD-9A9B-438E-928D-B12C7DF3CF2E}.Release|Any CPU.Build.0 = Release|Any CPU
		{800645BA-2D1E-4C5A-9CDD-8C5FF093EC31}.Debug|Any CPU.ActiveCfg = Debug|Any CPU
		{800645BA-2D1E-4C5A-9CDD-8C5FF093EC31}.Debug|Any CPU.Build.0 = Debug|Any CPU
		{800645BA-2D1E-4C5A-9CDD-8C5FF093EC31}.Release|Any CPU.ActiveCfg = Release|Any CPU
		{800645BA-2D1E-4C5A-9CDD-8C5FF093EC31}.Release|Any CPU.Build.0 = Release|Any CPU
		{28374482-C3AB-4F4C-A1DD-A8167D7F23D7}.Debug|Any CPU.ActiveCfg = Debug|Any CPU
		{28374482-C3AB-4F4C-A1DD-A8167D7F23D7}.Debug|Any CPU.Build.0 = Debug|Any CPU
		{28374482-C3AB-4F4C-A1DD-A8167D7F23D7}.Release|Any CPU.ActiveCfg = Release|Any CPU
		{28374482-C3AB-4F4C-A1DD-A8167D7F23D7}.Release|Any CPU.Build.0 = Release|Any CPU
		{C33D6AF4-A6B8-492F-9871-BF6120915D71}.Debug|Any CPU.ActiveCfg = Debug|Any CPU
		{C33D6AF4-A6B8-492F-9871-BF6120915D71}.Debug|Any CPU.Build.0 = Debug|Any CPU
		{C33D6AF4-A6B8-492F-9871-BF6120915D71}.Release|Any CPU.ActiveCfg = Release|Any CPU
		{C33D6AF4-A6B8-492F-9871-BF6120915D71}.Release|Any CPU.Build.0 = Release|Any CPU
		{0A892CAD-75C0-486F-AAD1-A7BEB434CC2D}.Debug|Any CPU.ActiveCfg = Debug|Any CPU
		{0A892CAD-75C0-486F-AAD1-A7BEB434CC2D}.Debug|Any CPU.Build.0 = Debug|Any CPU
		{0A892CAD-75C0-486F-AAD1-A7BEB434CC2D}.Release|Any CPU.ActiveCfg = Release|Any CPU
		{0A892CAD-75C0-486F-AAD1-A7BEB434CC2D}.Release|Any CPU.Build.0 = Release|Any CPU
		{C8D3B5A8-5985-4659-A49C-4CCFB0152676}.Debug|Any CPU.ActiveCfg = Debug|Any CPU
		{C8D3B5A8-5985-4659-A49C-4CCFB0152676}.Debug|Any CPU.Build.0 = Debug|Any CPU
		{C8D3B5A8-5985-4659-A49C-4CCFB0152676}.Release|Any CPU.ActiveCfg = Release|Any CPU
		{C8D3B5A8-5985-4659-A49C-4CCFB0152676}.Release|Any CPU.Build.0 = Release|Any CPU
		{7A751BB0-5CB7-4429-86E6-760F47BA3369}.Debug|Any CPU.ActiveCfg = Debug|Any CPU
		{7A751BB0-5CB7-4429-86E6-760F47BA3369}.Debug|Any CPU.Build.0 = Debug|Any CPU
		{7A751BB0-5CB7-4429-86E6-760F47BA3369}.Release|Any CPU.ActiveCfg = Release|Any CPU
		{7A751BB0-5CB7-4429-86E6-760F47BA3369}.Release|Any CPU.Build.0 = Release|Any CPU
		{35579DF5-0FD1-4334-ACC2-4800FFC2827F}.Debug|Any CPU.ActiveCfg = Debug|Any CPU
		{35579DF5-0FD1-4334-ACC2-4800FFC2827F}.Debug|Any CPU.Build.0 = Debug|Any CPU
		{35579DF5-0FD1-4334-ACC2-4800FFC2827F}.Release|Any CPU.ActiveCfg = Release|Any CPU
		{35579DF5-0FD1-4334-ACC2-4800FFC2827F}.Release|Any CPU.Build.0 = Release|Any CPU
		{A52229CB-C24D-4B2E-AEB9-5E3519CD94CF}.Debug|Any CPU.ActiveCfg = Debug|Any CPU
		{A52229CB-C24D-4B2E-AEB9-5E3519CD94CF}.Debug|Any CPU.Build.0 = Debug|Any CPU
		{A52229CB-C24D-4B2E-AEB9-5E3519CD94CF}.Release|Any CPU.ActiveCfg = Release|Any CPU
		{A52229CB-C24D-4B2E-AEB9-5E3519CD94CF}.Release|Any CPU.Build.0 = Release|Any CPU
		{52C51ECD-D368-42A1-B3AB-BBFA1BC4EDAA}.Debug|Any CPU.ActiveCfg = Debug|Any CPU
		{52C51ECD-D368-42A1-B3AB-BBFA1BC4EDAA}.Debug|Any CPU.Build.0 = Debug|Any CPU
		{52C51ECD-D368-42A1-B3AB-BBFA1BC4EDAA}.Release|Any CPU.ActiveCfg = Release|Any CPU
		{52C51ECD-D368-42A1-B3AB-BBFA1BC4EDAA}.Release|Any CPU.Build.0 = Release|Any CPU
		{9F34DBC8-87CA-426E-8826-3902B74D4F39}.Debug|Any CPU.ActiveCfg = Debug|Any CPU
		{9F34DBC8-87CA-426E-8826-3902B74D4F39}.Debug|Any CPU.Build.0 = Debug|Any CPU
		{9F34DBC8-87CA-426E-8826-3902B74D4F39}.Release|Any CPU.ActiveCfg = Release|Any CPU
		{9F34DBC8-87CA-426E-8826-3902B74D4F39}.Release|Any CPU.Build.0 = Release|Any CPU
	EndGlobalSection
	GlobalSection(SolutionProperties) = preSolution
		HideSolutionNode = FALSE
	EndGlobalSection
	GlobalSection(NestedProjects) = preSolution
		{414497B7-D36D-44D7-9A83-2C7D5327B055} = {8C8DE734-036B-4D2D-8AD1-E311BBC5712C}
		{40ED3DC9-158F-440E-8717-897271D47AC8} = {8C8DE734-036B-4D2D-8AD1-E311BBC5712C}
		{B3EF0841-9C77-4364-AD6D-37ADB4DF09EE} = {8C8DE734-036B-4D2D-8AD1-E311BBC5712C}
		{759844D2-8DF7-436D-8AF7-625EE2034F26} = {8C8DE734-036B-4D2D-8AD1-E311BBC5712C}
		{46126CDD-E535-4655-B974-EEE76830F75B} = {8C8DE734-036B-4D2D-8AD1-E311BBC5712C}
		{C33D6AF4-A6B8-492F-9871-BF6120915D71} = {414497B7-D36D-44D7-9A83-2C7D5327B055}
		{20958F29-4ACF-495C-AA87-76DDC5081AB9} = {B8B45FE0-282A-4227-945C-9945CE5916CC}
		{B5802382-EE85-4BFE-ADE3-2A5B82D9F1BB} = {B8B45FE0-282A-4227-945C-9945CE5916CC}
		{28374482-C3AB-4F4C-A1DD-A8167D7F23D7} = {B8B45FE0-282A-4227-945C-9945CE5916CC}
		{0A892CAD-75C0-486F-AAD1-A7BEB434CC2D} = {B8B45FE0-282A-4227-945C-9945CE5916CC}
		{C8D3B5A8-5985-4659-A49C-4CCFB0152676} = {B8B45FE0-282A-4227-945C-9945CE5916CC}
		{7A751BB0-5CB7-4429-86E6-760F47BA3369} = {B8B45FE0-282A-4227-945C-9945CE5916CC}
		{A52229CB-C24D-4B2E-AEB9-5E3519CD94CF} = {B8B45FE0-282A-4227-945C-9945CE5916CC}
		{35579DF5-0FD1-4334-ACC2-4800FFC2827F} = {20958F29-4ACF-495C-AA87-76DDC5081AB9}
		{52C51ECD-D368-42A1-B3AB-BBFA1BC4EDAA} = {20958F29-4ACF-495C-AA87-76DDC5081AB9}
		{9F34DBC8-87CA-426E-8826-3902B74D4F39} = {20958F29-4ACF-495C-AA87-76DDC5081AB9}
		{A8340CDA-5F58-49DD-A30F-E65376471CAB} = {5F32A22C-2323-4FCC-88CC-A783D68C3CC4}
		{2503AD7B-4B19-4AE2-8D7F-39811FFEB13A} = {5F32A22C-2323-4FCC-88CC-A783D68C3CC4}
		{800645BA-2D1E-4C5A-9CDD-8C5FF093EC31} = {5F32A22C-2323-4FCC-88CC-A783D68C3CC4}
		{AF40F839-961F-4A21-B5B3-50FF0F48B3B2} = {AEF53617-4B25-45DC-AEEC-BB5A6F7D8032}
		{0FB48CFD-AC85-4207-93B5-AB3E1F1798F4} = {AEF53617-4B25-45DC-AEEC-BB5A6F7D8032}
		{B85562FD-9A9B-438E-928D-B12C7DF3CF2E} = {AEF53617-4B25-45DC-AEEC-BB5A6F7D8032}
	EndGlobalSection
EndGlobal
