
Microsoft Visual Studio Solution File, Format Version 11.00
# Visual Studio 2010
Project("{2150E333-8FDC-42A3-9474-1A3956D46DE8}") = "Modules", "Modules", "{414497B7-D36D-44D7-9A83-2C7D5327B055}"
EndProject
Project("{2150E333-8FDC-42A3-9474-1A3956D46DE8}") = "Server", "Server", "{8C8DE734-036B-4D2D-8AD1-E311BBC5712C}"
EndProject
Project("{2150E333-8FDC-42A3-9474-1A3956D46DE8}") = "Client", "Client", "{B8B45FE0-282A-4227-945C-9945CE5916CC}"
EndProject
Project("{2150E333-8FDC-42A3-9474-1A3956D46DE8}") = "Modules", "Modules", "{20958F29-4ACF-495C-AA87-76DDC5081AB9}"
EndProject
Project("{2150E333-8FDC-42A3-9474-1A3956D46DE8}") = "Shared.Silverlight", "Shared.Silverlight", "{5F32A22C-2323-4FCC-88CC-A783D68C3CC4}"
EndProject
Project("{2150E333-8FDC-42A3-9474-1A3956D46DE8}") = "Shared.Classic", "Shared.Classic", "{AEF53617-4B25-45DC-AEEC-BB5A6F7D8032}"
EndProject
Project("{2150E333-8FDC-42A3-9474-1A3956D46DE8}") = "Services.Classic", "Services.Classic", "{2545C36A-FE55-466E-B8BD-7EBC0E762458}"
EndProject
Project("{FAE04EC0-301F-11D3-BF4B-00C04F79EFBC}") = "Wing.Server.Host", "Server\Wing.Server.Host\Wing.Server.Host.csproj", "{40ED3DC9-158F-440E-8717-897271D47AC8}"
EndProject
Project("{FAE04EC0-301F-11D3-BF4B-00C04F79EFBC}") = "Wing.Server.Bootstrap", "Server\Wing.Server.Bootstrap\Wing.Server.Bootstrap.csproj", "{759844D2-8DF7-436D-8AF7-625EE2034F26}"
EndProject
Project("{FAE04EC0-301F-11D3-BF4B-00C04F79EFBC}") = "Wing.Server.Core", "Server\Wing.Server.Core\Wing.Server.Core.csproj", "{46126CDD-E535-4655-B974-EEE76830F75B}"
EndProject
Project("{FAE04EC0-301F-11D3-BF4B-00C04F79EFBC}") = "Wing.UnityServiceLocator", "Shared\Wing.UnityServiceLocator\Wing.UnityServiceLocator.csproj", "{AF40F839-961F-4A21-B5B3-50FF0F48B3B2}"
EndProject
Project("{FAE04EC0-301F-11D3-BF4B-00C04F79EFBC}") = "Wing.Core", "Shared\Wing.Core\Wing.Core.csproj", "{0FB48CFD-AC85-4207-93B5-AB3E1F1798F4}"
EndProject
Project("{FAE04EC0-301F-11D3-BF4B-00C04F79EFBC}") = "Wing.Core.Silverlight", "Shared\Wing.Core.Silverlight\Wing.Core.Silverlight.csproj", "{A8340CDA-5F58-49DD-A30F-E65376471CAB}"
EndProject
Project("{FAE04EC0-301F-11D3-BF4B-00C04F79EFBC}") = "Wing.UnityServiceLocator.Silverlight", "Shared\Wing.UnityServiceLocator.Silverlight\Wing.UnityServiceLocator.Silverlight.csproj", "{2503AD7B-4B19-4AE2-8D7F-39811FFEB13A}"
EndProject
Project("{FAE04EC0-301F-11D3-BF4B-00C04F79EFBC}") = "Wing.Client.Host", "Client\Wing.Client.Host\Wing.Client.Host.csproj", "{B5802382-EE85-4BFE-ADE3-2A5B82D9F1BB}"
EndProject
Project("{FAE04EC0-301F-11D3-BF4B-00C04F79EFBC}") = "Wing.Utils", "Shared\Wing.Utils\Wing.Utils.csproj", "{B85562FD-9A9B-438E-928D-B12C7DF3CF2E}"
EndProject
Project("{FAE04EC0-301F-11D3-BF4B-00C04F79EFBC}") = "Wing.Utils.Silverlight", "Shared\Wing.Utils.Silverlight\Wing.Utils.Silverlight.csproj", "{800645BA-2D1E-4C5A-9CDD-8C5FF093EC31}"
EndProject
Project("{FAE04EC0-301F-11D3-BF4B-00C04F79EFBC}") = "Wing.Client.Core", "Client\Wing.Client.Core\Wing.Client.Core.csproj", "{28374482-C3AB-4F4C-A1DD-A8167D7F23D7}"
EndProject
Project("{FAE04EC0-301F-11D3-BF4B-00C04F79EFBC}") = "Wing.Server.Modules.WingClientSupport", "Server\Modules\Wing.Server.Modules.WingClientSupport\Wing.Server.Modules.WingClientSupport.csproj", "{C33D6AF4-A6B8-492F-9871-BF6120915D71}"
EndProject
Project("{FAE04EC0-301F-11D3-BF4B-00C04F79EFBC}") = "Wing.Client.Bootstrap", "Client\Wing.Client.Bootstrap\Wing.Client.Bootstrap.csproj", "{0A892CAD-75C0-486F-AAD1-A7BEB434CC2D}"
EndProject
Project("{FAE04EC0-301F-11D3-BF4B-00C04F79EFBC}") = "Wing.Composite.Presentation", "Client\Wing.Presentation\Wing.Composite.Presentation.csproj", "{C8D3B5A8-5985-4659-A49C-4CCFB0152676}"
EndProject
Project("{FAE04EC0-301F-11D3-BF4B-00C04F79EFBC}") = "Wing.Composite", "Client\Wing.Composite\Wing.Composite.csproj", "{7A751BB0-5CB7-4429-86E6-760F47BA3369}"
EndProject
Project("{FAE04EC0-301F-11D3-BF4B-00C04F79EFBC}") = "Wing.Client.Modules.Shell", "Client\Modules\Wing.Client.Modules.Shell\Wing.Client.Modules.Shell.csproj", "{35579DF5-0FD1-4334-ACC2-4800FFC2827F}"
EndProject
Project("{FAE04EC0-301F-11D3-BF4B-00C04F79EFBC}") = "Wing.Client.Sdk", "Client\Wing.Client.Sdk\Wing.Client.Sdk.csproj", "{A52229CB-C24D-4B2E-AEB9-5E3519CD94CF}"
EndProject
Project("{FAE04EC0-301F-11D3-BF4B-00C04F79EFBC}") = "Wing.Client.Modules.DefaultTheme", "Client\Modules\Wing.Client.Modules.DefaultTheme\Wing.Client.Modules.DefaultTheme.csproj", "{52C51ECD-D368-42A1-B3AB-BBFA1BC4EDAA}"
EndProject
Project("{FAE04EC0-301F-11D3-BF4B-00C04F79EFBC}") = "Wing.Client.Modules.Home", "Client\Modules\Wing.Client.Modules.Home\Wing.Client.Modules.Home.csproj", "{9F34DBC8-87CA-426E-8826-3902B74D4F39}"
EndProject
Project("{FAE04EC0-301F-11D3-BF4B-00C04F79EFBC}") = "Wing.Server.Sdk", "Server\Wing.Server.Sdk\Wing.Server.Sdk.csproj", "{E9D9DA74-684D-44D9-B5C6-3B297F74B007}"
EndProject
Project("{FAE04EC0-301F-11D3-BF4B-00C04F79EFBC}") = "Wing.Server.Modules.ServerStorage", "Server\Modules\Wing.Server.Modules.ServerStorage\Wing.Server.Modules.ServerStorage.csproj", "{48F4260C-C0CF-4E54-B0D1-67DB4B4121C0}"
EndProject
Project("{FAE04EC0-301F-11D3-BF4B-00C04F79EFBC}") = "Wing.Server.Modules.IdentityManagament", "Server\Modules\Wing.Server.Modules.IdentityManagament\Wing.Server.Modules.IdentityManagament.csproj", "{B72294AD-7A7C-4300-8974-43F94D240368}"
EndProject
Project("{FAE04EC0-301F-11D3-BF4B-00C04F79EFBC}") = "Wing.Services.IdentityManagerService.Interop", "Services\Wing.Services.IdentityManagerService.Interop\Wing.Services.IdentityManagerService.Interop.csproj", "{7DCCC5F0-3C1D-45F3-9753-C8F854D2F818}"
EndProject
Project("{2150E333-8FDC-42A3-9474-1A3956D46DE8}") = "Services.Silverlight", "Services.Silverlight", "{A4D9FC7F-254D-447C-8FEA-27EA51B09CC1}"
EndProject
Project("{FAE04EC0-301F-11D3-BF4B-00C04F79EFBC}") = "Wing.Services.IdentityManagerService.Interop.Silverlight", "Services\Wing.Services.IdentityManagerService.Interop.Silverlight\Wing.Services.IdentityManagerService.Interop.Silverlight.csproj", "{352A737D-25CC-4AC4-9678-1909437ED0C8}"
EndProject
Project("{FAE04EC0-301F-11D3-BF4B-00C04F79EFBC}") = "Wing.Client.Modules.IdentityManager", "Client\Modules\Wing.Client.Modules.IdentityManager\Wing.Client.Modules.IdentityManager.csproj", "{0AF05193-1726-467F-BF6C-59865CE52651}"
EndProject
Project("{FAE04EC0-301F-11D3-BF4B-00C04F79EFBC}") = "Wing.Client.Modules.Home.Interop", "Client\Modules\Wing.Client.Modules.Home.Interop\Wing.Client.Modules.Home.Interop.csproj", "{22727935-E641-4B59-B329-ECEB6625A100}"
EndProject
Project("{2150E333-8FDC-42A3-9474-1A3956D46DE8}") = "BI", "BI", "{AB83B3B0-54B9-4F15-AC80-F22D1FA7E2C0}"
EndProject
Project("{FAE04EC0-301F-11D3-BF4B-00C04F79EFBC}") = "Flex.BusinessIntelligence.Interop", "Applications\BusinessIntelligence\Flex.BusinessIntelligence.Interop\Flex.BusinessIntelligence.Interop.csproj", "{ECC8FCCB-915B-45F3-A213-EA964FA68314}"
EndProject
Project("{FAE04EC0-301F-11D3-BF4B-00C04F79EFBC}") = "Flex.BusinessIntelligence.WingClient", "Applications\BusinessIntelligence\Flex.BusinessIntelligence.WingClient\Flex.BusinessIntelligence.WingClient.csproj", "{F80369A2-4E27-4BA6-92C6-B7B539FFEA22}"
EndProject
Project("{2150E333-8FDC-42A3-9474-1A3956D46DE8}") = "Build", "Build", "{BB23CAD6-A784-4974-ACB8-13507314291B}"
	ProjectSection(SolutionItems) = preProject
		Wing.MSBuild.Client.Common = Wing.MSBuild.Client.Common
		Wing.MSBuild.Server.Common = Wing.MSBuild.Server.Common
	EndProjectSection
EndProject
Project("{FAE04EC0-301F-11D3-BF4B-00C04F79EFBC}") = "Wing.ZipCompression", "Shared\Wing.ZipCompression\Wing.ZipCompression.csproj", "{7D179793-2D9E-4B6D-AEC9-25211F1F9DF0}"
EndProject
Project("{FAE04EC0-301F-11D3-BF4B-00C04F79EFBC}") = "Wing.ZipCompression.Silverlight", "Shared\Wing.ZipCompression.Silverlight\Wing.ZipCompression.Silverlight.csproj", "{AB8D834D-DDDF-443A-AFD9-FE2C41E3724D}"
EndProject
Project("{FAE04EC0-301F-11D3-BF4B-00C04F79EFBC}") = "Wing.Json", "Shared\Wing.Json\Wing.Json.csproj", "{C3EF42AD-B8F6-4067-AD53-515473C7FE14}"
EndProject
Project("{FAE04EC0-301F-11D3-BF4B-00C04F79EFBC}") = "Wing.Json.Silverlight", "Shared\Wing.Json.Silverlight\Wing.Json.Silverlight.csproj", "{D00893BF-0F2E-43E0-ABCF-41EBA27E78EB}"
EndProject
Project("{2150E333-8FDC-42A3-9474-1A3956D46DE8}") = "BI", "BI", "{A00352C2-1194-43C9-88FE-C87AFF833325}"
EndProject
Project("{2150E333-8FDC-42A3-9474-1A3956D46DE8}") = "Olap.Classic", "Olap.Classic", "{59CE5B5C-E3A2-42FB-9880-7C8AC10D5D32}"
EndProject
Project("{2150E333-8FDC-42A3-9474-1A3956D46DE8}") = "Olap.Silverlight", "Olap.Silverlight", "{F7132C7D-49AE-4F82-B91C-CD6C2445B9F5}"
EndProject
Project("{FAE04EC0-301F-11D3-BF4B-00C04F79EFBC}") = "Wing.Olap.Silverlight", "Applications\BusinessIntelligence\Wing.Olap.Silverlight\Wing.Olap.Silverlight.csproj", "{F3D7C6C7-B9FF-47E6-A347-C98891CF95A9}"
EndProject
Project("{FAE04EC0-301F-11D3-BF4B-00C04F79EFBC}") = "Wing.Olap.Core", "Applications\BusinessIntelligence\Wing.Olap.Core\Wing.Olap.Core.csproj", "{815DC245-EB7F-4C0B-A682-09065F76520A}"
EndProject
Project("{FAE04EC0-301F-11D3-BF4B-00C04F79EFBC}") = "Wing.Olap.Core.Silverlight", "Applications\BusinessIntelligence\Wing.Olap.Core.Silverlight\Wing.Olap.Core.Silverlight.csproj", "{47A463E4-EEB7-4FC1-AFD8-F200A29E05B6}"
EndProject
Project("{FAE04EC0-301F-11D3-BF4B-00C04F79EFBC}") = "Wing.Olap.Mdx", "Applications\BusinessIntelligence\Wing.Olap.Mdx\Wing.Olap.Mdx.csproj", "{42A2C4B9-CBD4-4304-938D-EDD5F3631553}"
EndProject
Project("{FAE04EC0-301F-11D3-BF4B-00C04F79EFBC}") = "Wing.Olap.Mdx.Silverlight", "Applications\BusinessIntelligence\Wing.Olap.Mdx\Wing.Olap.Mdx.Silverlight.csproj", "{C431B16C-B74F-43FD-A60C-12B3F358E98F}"
EndProject
Project("{FAE04EC0-301F-11D3-BF4B-00C04F79EFBC}") = "Wing.Web.Olap", "Applications\BusinessIntelligence\Wing.Web.Olap\Wing.Web.Olap.csproj", "{D0729020-B33F-4B52-BA07-D747CA37F15E}"
EndProject
Global
	GlobalSection(SolutionConfigurationPlatforms) = preSolution
		BI_Develop|Any CPU = BI_Develop|Any CPU
		Debug|Any CPU = Debug|Any CPU
		Release|Any CPU = Release|Any CPU
	EndGlobalSection
	GlobalSection(ProjectConfigurationPlatforms) = postSolution
		{40ED3DC9-158F-440E-8717-897271D47AC8}.BI_Develop|Any CPU.ActiveCfg = Release|Any CPU
		{40ED3DC9-158F-440E-8717-897271D47AC8}.BI_Develop|Any CPU.Build.0 = Release|Any CPU
		{40ED3DC9-158F-440E-8717-897271D47AC8}.Debug|Any CPU.ActiveCfg = Debug|Any CPU
		{40ED3DC9-158F-440E-8717-897271D47AC8}.Debug|Any CPU.Build.0 = Debug|Any CPU
		{40ED3DC9-158F-440E-8717-897271D47AC8}.Release|Any CPU.ActiveCfg = Release|Any CPU
		{40ED3DC9-158F-440E-8717-897271D47AC8}.Release|Any CPU.Build.0 = Release|Any CPU
		{759844D2-8DF7-436D-8AF7-625EE2034F26}.BI_Develop|Any CPU.ActiveCfg = Release|Any CPU
		{759844D2-8DF7-436D-8AF7-625EE2034F26}.BI_Develop|Any CPU.Build.0 = Release|Any CPU
		{759844D2-8DF7-436D-8AF7-625EE2034F26}.Debug|Any CPU.ActiveCfg = Debug|Any CPU
		{759844D2-8DF7-436D-8AF7-625EE2034F26}.Debug|Any CPU.Build.0 = Debug|Any CPU
		{759844D2-8DF7-436D-8AF7-625EE2034F26}.Release|Any CPU.ActiveCfg = Release|Any CPU
		{759844D2-8DF7-436D-8AF7-625EE2034F26}.Release|Any CPU.Build.0 = Release|Any CPU
		{46126CDD-E535-4655-B974-EEE76830F75B}.BI_Develop|Any CPU.ActiveCfg = Release|Any CPU
		{46126CDD-E535-4655-B974-EEE76830F75B}.BI_Develop|Any CPU.Build.0 = Release|Any CPU
		{46126CDD-E535-4655-B974-EEE76830F75B}.Debug|Any CPU.ActiveCfg = Debug|Any CPU
		{46126CDD-E535-4655-B974-EEE76830F75B}.Debug|Any CPU.Build.0 = Debug|Any CPU
		{46126CDD-E535-4655-B974-EEE76830F75B}.Release|Any CPU.ActiveCfg = Release|Any CPU
		{46126CDD-E535-4655-B974-EEE76830F75B}.Release|Any CPU.Build.0 = Release|Any CPU
		{AF40F839-961F-4A21-B5B3-50FF0F48B3B2}.BI_Develop|Any CPU.ActiveCfg = Release|Any CPU
		{AF40F839-961F-4A21-B5B3-50FF0F48B3B2}.BI_Develop|Any CPU.Build.0 = Release|Any CPU
		{AF40F839-961F-4A21-B5B3-50FF0F48B3B2}.Debug|Any CPU.ActiveCfg = Debug|Any CPU
		{AF40F839-961F-4A21-B5B3-50FF0F48B3B2}.Debug|Any CPU.Build.0 = Debug|Any CPU
		{AF40F839-961F-4A21-B5B3-50FF0F48B3B2}.Release|Any CPU.ActiveCfg = Release|Any CPU
		{AF40F839-961F-4A21-B5B3-50FF0F48B3B2}.Release|Any CPU.Build.0 = Release|Any CPU
		{0FB48CFD-AC85-4207-93B5-AB3E1F1798F4}.BI_Develop|Any CPU.ActiveCfg = Release|Any CPU
		{0FB48CFD-AC85-4207-93B5-AB3E1F1798F4}.BI_Develop|Any CPU.Build.0 = Release|Any CPU
		{0FB48CFD-AC85-4207-93B5-AB3E1F1798F4}.Debug|Any CPU.ActiveCfg = Debug|Any CPU
		{0FB48CFD-AC85-4207-93B5-AB3E1F1798F4}.Debug|Any CPU.Build.0 = Debug|Any CPU
		{0FB48CFD-AC85-4207-93B5-AB3E1F1798F4}.Release|Any CPU.ActiveCfg = Release|Any CPU
		{0FB48CFD-AC85-4207-93B5-AB3E1F1798F4}.Release|Any CPU.Build.0 = Release|Any CPU
		{A8340CDA-5F58-49DD-A30F-E65376471CAB}.BI_Develop|Any CPU.ActiveCfg = Release|Any CPU
		{A8340CDA-5F58-49DD-A30F-E65376471CAB}.BI_Develop|Any CPU.Build.0 = Release|Any CPU
		{A8340CDA-5F58-49DD-A30F-E65376471CAB}.Debug|Any CPU.ActiveCfg = Debug|Any CPU
		{A8340CDA-5F58-49DD-A30F-E65376471CAB}.Debug|Any CPU.Build.0 = Debug|Any CPU
		{A8340CDA-5F58-49DD-A30F-E65376471CAB}.Release|Any CPU.ActiveCfg = Release|Any CPU
		{A8340CDA-5F58-49DD-A30F-E65376471CAB}.Release|Any CPU.Build.0 = Release|Any CPU
		{2503AD7B-4B19-4AE2-8D7F-39811FFEB13A}.BI_Develop|Any CPU.ActiveCfg = Release|Any CPU
		{2503AD7B-4B19-4AE2-8D7F-39811FFEB13A}.BI_Develop|Any CPU.Build.0 = Release|Any CPU
		{2503AD7B-4B19-4AE2-8D7F-39811FFEB13A}.Debug|Any CPU.ActiveCfg = Debug|Any CPU
		{2503AD7B-4B19-4AE2-8D7F-39811FFEB13A}.Debug|Any CPU.Build.0 = Debug|Any CPU
		{2503AD7B-4B19-4AE2-8D7F-39811FFEB13A}.Release|Any CPU.ActiveCfg = Release|Any CPU
		{2503AD7B-4B19-4AE2-8D7F-39811FFEB13A}.Release|Any CPU.Build.0 = Release|Any CPU
		{B5802382-EE85-4BFE-ADE3-2A5B82D9F1BB}.BI_Develop|Any CPU.ActiveCfg = Release|Any CPU
		{B5802382-EE85-4BFE-ADE3-2A5B82D9F1BB}.BI_Develop|Any CPU.Build.0 = Release|Any CPU
		{B5802382-EE85-4BFE-ADE3-2A5B82D9F1BB}.Debug|Any CPU.ActiveCfg = Debug|Any CPU
		{B5802382-EE85-4BFE-ADE3-2A5B82D9F1BB}.Debug|Any CPU.Build.0 = Debug|Any CPU
		{B5802382-EE85-4BFE-ADE3-2A5B82D9F1BB}.Release|Any CPU.ActiveCfg = Release|Any CPU
		{B5802382-EE85-4BFE-ADE3-2A5B82D9F1BB}.Release|Any CPU.Build.0 = Release|Any CPU
		{B85562FD-9A9B-438E-928D-B12C7DF3CF2E}.BI_Develop|Any CPU.ActiveCfg = Release|Any CPU
		{B85562FD-9A9B-438E-928D-B12C7DF3CF2E}.BI_Develop|Any CPU.Build.0 = Release|Any CPU
		{B85562FD-9A9B-438E-928D-B12C7DF3CF2E}.Debug|Any CPU.ActiveCfg = Debug|Any CPU
		{B85562FD-9A9B-438E-928D-B12C7DF3CF2E}.Debug|Any CPU.Build.0 = Debug|Any CPU
		{B85562FD-9A9B-438E-928D-B12C7DF3CF2E}.Release|Any CPU.ActiveCfg = Release|Any CPU
		{B85562FD-9A9B-438E-928D-B12C7DF3CF2E}.Release|Any CPU.Build.0 = Release|Any CPU
		{800645BA-2D1E-4C5A-9CDD-8C5FF093EC31}.BI_Develop|Any CPU.ActiveCfg = Release|Any CPU
		{800645BA-2D1E-4C5A-9CDD-8C5FF093EC31}.BI_Develop|Any CPU.Build.0 = Release|Any CPU
		{800645BA-2D1E-4C5A-9CDD-8C5FF093EC31}.Debug|Any CPU.ActiveCfg = Debug|Any CPU
		{800645BA-2D1E-4C5A-9CDD-8C5FF093EC31}.Debug|Any CPU.Build.0 = Debug|Any CPU
		{800645BA-2D1E-4C5A-9CDD-8C5FF093EC31}.Release|Any CPU.ActiveCfg = Release|Any CPU
		{800645BA-2D1E-4C5A-9CDD-8C5FF093EC31}.Release|Any CPU.Build.0 = Release|Any CPU
		{28374482-C3AB-4F4C-A1DD-A8167D7F23D7}.BI_Develop|Any CPU.ActiveCfg = Release|Any CPU
		{28374482-C3AB-4F4C-A1DD-A8167D7F23D7}.BI_Develop|Any CPU.Build.0 = Release|Any CPU
		{28374482-C3AB-4F4C-A1DD-A8167D7F23D7}.Debug|Any CPU.ActiveCfg = Debug|Any CPU
		{28374482-C3AB-4F4C-A1DD-A8167D7F23D7}.Debug|Any CPU.Build.0 = Debug|Any CPU
		{28374482-C3AB-4F4C-A1DD-A8167D7F23D7}.Release|Any CPU.ActiveCfg = Release|Any CPU
		{28374482-C3AB-4F4C-A1DD-A8167D7F23D7}.Release|Any CPU.Build.0 = Release|Any CPU
		{C33D6AF4-A6B8-492F-9871-BF6120915D71}.BI_Develop|Any CPU.ActiveCfg = Release|Any CPU
		{C33D6AF4-A6B8-492F-9871-BF6120915D71}.BI_Develop|Any CPU.Build.0 = Release|Any CPU
		{C33D6AF4-A6B8-492F-9871-BF6120915D71}.Debug|Any CPU.ActiveCfg = Debug|Any CPU
		{C33D6AF4-A6B8-492F-9871-BF6120915D71}.Debug|Any CPU.Build.0 = Debug|Any CPU
		{C33D6AF4-A6B8-492F-9871-BF6120915D71}.Release|Any CPU.ActiveCfg = Release|Any CPU
		{C33D6AF4-A6B8-492F-9871-BF6120915D71}.Release|Any CPU.Build.0 = Release|Any CPU
		{0A892CAD-75C0-486F-AAD1-A7BEB434CC2D}.BI_Develop|Any CPU.ActiveCfg = Release|Any CPU
		{0A892CAD-75C0-486F-AAD1-A7BEB434CC2D}.BI_Develop|Any CPU.Build.0 = Release|Any CPU
		{0A892CAD-75C0-486F-AAD1-A7BEB434CC2D}.Debug|Any CPU.ActiveCfg = Debug|Any CPU
		{0A892CAD-75C0-486F-AAD1-A7BEB434CC2D}.Debug|Any CPU.Build.0 = Debug|Any CPU
		{0A892CAD-75C0-486F-AAD1-A7BEB434CC2D}.Release|Any CPU.ActiveCfg = Release|Any CPU
		{0A892CAD-75C0-486F-AAD1-A7BEB434CC2D}.Release|Any CPU.Build.0 = Release|Any CPU
		{C8D3B5A8-5985-4659-A49C-4CCFB0152676}.BI_Develop|Any CPU.ActiveCfg = Release|Any CPU
		{C8D3B5A8-5985-4659-A49C-4CCFB0152676}.BI_Develop|Any CPU.Build.0 = Release|Any CPU
		{C8D3B5A8-5985-4659-A49C-4CCFB0152676}.Debug|Any CPU.ActiveCfg = Debug|Any CPU
		{C8D3B5A8-5985-4659-A49C-4CCFB0152676}.Debug|Any CPU.Build.0 = Debug|Any CPU
		{C8D3B5A8-5985-4659-A49C-4CCFB0152676}.Release|Any CPU.ActiveCfg = Release|Any CPU
		{C8D3B5A8-5985-4659-A49C-4CCFB0152676}.Release|Any CPU.Build.0 = Release|Any CPU
		{7A751BB0-5CB7-4429-86E6-760F47BA3369}.BI_Develop|Any CPU.ActiveCfg = Release|Any CPU
		{7A751BB0-5CB7-4429-86E6-760F47BA3369}.BI_Develop|Any CPU.Build.0 = Release|Any CPU
		{7A751BB0-5CB7-4429-86E6-760F47BA3369}.Debug|Any CPU.ActiveCfg = Debug|Any CPU
		{7A751BB0-5CB7-4429-86E6-760F47BA3369}.Debug|Any CPU.Build.0 = Debug|Any CPU
		{7A751BB0-5CB7-4429-86E6-760F47BA3369}.Release|Any CPU.ActiveCfg = Release|Any CPU
		{7A751BB0-5CB7-4429-86E6-760F47BA3369}.Release|Any CPU.Build.0 = Release|Any CPU
		{35579DF5-0FD1-4334-ACC2-4800FFC2827F}.BI_Develop|Any CPU.ActiveCfg = Release|Any CPU
		{35579DF5-0FD1-4334-ACC2-4800FFC2827F}.BI_Develop|Any CPU.Build.0 = Release|Any CPU
		{35579DF5-0FD1-4334-ACC2-4800FFC2827F}.Debug|Any CPU.ActiveCfg = Debug|Any CPU
		{35579DF5-0FD1-4334-ACC2-4800FFC2827F}.Debug|Any CPU.Build.0 = Debug|Any CPU
		{35579DF5-0FD1-4334-ACC2-4800FFC2827F}.Release|Any CPU.ActiveCfg = Release|Any CPU
		{35579DF5-0FD1-4334-ACC2-4800FFC2827F}.Release|Any CPU.Build.0 = Release|Any CPU
		{A52229CB-C24D-4B2E-AEB9-5E3519CD94CF}.BI_Develop|Any CPU.ActiveCfg = Release|Any CPU
		{A52229CB-C24D-4B2E-AEB9-5E3519CD94CF}.BI_Develop|Any CPU.Build.0 = Release|Any CPU
		{A52229CB-C24D-4B2E-AEB9-5E3519CD94CF}.Debug|Any CPU.ActiveCfg = Debug|Any CPU
		{A52229CB-C24D-4B2E-AEB9-5E3519CD94CF}.Debug|Any CPU.Build.0 = Debug|Any CPU
		{A52229CB-C24D-4B2E-AEB9-5E3519CD94CF}.Release|Any CPU.ActiveCfg = Release|Any CPU
		{A52229CB-C24D-4B2E-AEB9-5E3519CD94CF}.Release|Any CPU.Build.0 = Release|Any CPU
		{52C51ECD-D368-42A1-B3AB-BBFA1BC4EDAA}.BI_Develop|Any CPU.ActiveCfg = Release|Any CPU
		{52C51ECD-D368-42A1-B3AB-BBFA1BC4EDAA}.BI_Develop|Any CPU.Build.0 = Release|Any CPU
		{52C51ECD-D368-42A1-B3AB-BBFA1BC4EDAA}.Debug|Any CPU.ActiveCfg = Debug|Any CPU
		{52C51ECD-D368-42A1-B3AB-BBFA1BC4EDAA}.Debug|Any CPU.Build.0 = Debug|Any CPU
		{52C51ECD-D368-42A1-B3AB-BBFA1BC4EDAA}.Release|Any CPU.ActiveCfg = Release|Any CPU
		{52C51ECD-D368-42A1-B3AB-BBFA1BC4EDAA}.Release|Any CPU.Build.0 = Release|Any CPU
		{9F34DBC8-87CA-426E-8826-3902B74D4F39}.BI_Develop|Any CPU.ActiveCfg = Release|Any CPU
		{9F34DBC8-87CA-426E-8826-3902B74D4F39}.BI_Develop|Any CPU.Build.0 = Release|Any CPU
		{9F34DBC8-87CA-426E-8826-3902B74D4F39}.Debug|Any CPU.ActiveCfg = Debug|Any CPU
		{9F34DBC8-87CA-426E-8826-3902B74D4F39}.Debug|Any CPU.Build.0 = Debug|Any CPU
		{9F34DBC8-87CA-426E-8826-3902B74D4F39}.Release|Any CPU.ActiveCfg = Release|Any CPU
		{9F34DBC8-87CA-426E-8826-3902B74D4F39}.Release|Any CPU.Build.0 = Release|Any CPU
		{E9D9DA74-684D-44D9-B5C6-3B297F74B007}.BI_Develop|Any CPU.ActiveCfg = Release|Any CPU
		{E9D9DA74-684D-44D9-B5C6-3B297F74B007}.BI_Develop|Any CPU.Build.0 = Release|Any CPU
		{E9D9DA74-684D-44D9-B5C6-3B297F74B007}.Debug|Any CPU.ActiveCfg = Debug|Any CPU
		{E9D9DA74-684D-44D9-B5C6-3B297F74B007}.Debug|Any CPU.Build.0 = Debug|Any CPU
		{E9D9DA74-684D-44D9-B5C6-3B297F74B007}.Release|Any CPU.ActiveCfg = Release|Any CPU
		{E9D9DA74-684D-44D9-B5C6-3B297F74B007}.Release|Any CPU.Build.0 = Release|Any CPU
		{48F4260C-C0CF-4E54-B0D1-67DB4B4121C0}.BI_Develop|Any CPU.ActiveCfg = Release|Any CPU
		{48F4260C-C0CF-4E54-B0D1-67DB4B4121C0}.BI_Develop|Any CPU.Build.0 = Release|Any CPU
		{48F4260C-C0CF-4E54-B0D1-67DB4B4121C0}.Debug|Any CPU.ActiveCfg = Debug|Any CPU
		{48F4260C-C0CF-4E54-B0D1-67DB4B4121C0}.Debug|Any CPU.Build.0 = Debug|Any CPU
		{48F4260C-C0CF-4E54-B0D1-67DB4B4121C0}.Release|Any CPU.ActiveCfg = Release|Any CPU
		{48F4260C-C0CF-4E54-B0D1-67DB4B4121C0}.Release|Any CPU.Build.0 = Release|Any CPU
		{B72294AD-7A7C-4300-8974-43F94D240368}.BI_Develop|Any CPU.ActiveCfg = Release|Any CPU
		{B72294AD-7A7C-4300-8974-43F94D240368}.BI_Develop|Any CPU.Build.0 = Release|Any CPU
		{B72294AD-7A7C-4300-8974-43F94D240368}.Debug|Any CPU.ActiveCfg = Debug|Any CPU
		{B72294AD-7A7C-4300-8974-43F94D240368}.Debug|Any CPU.Build.0 = Debug|Any CPU
		{B72294AD-7A7C-4300-8974-43F94D240368}.Release|Any CPU.ActiveCfg = Release|Any CPU
		{B72294AD-7A7C-4300-8974-43F94D240368}.Release|Any CPU.Build.0 = Release|Any CPU
		{7DCCC5F0-3C1D-45F3-9753-C8F854D2F818}.BI_Develop|Any CPU.ActiveCfg = Release|Any CPU
		{7DCCC5F0-3C1D-45F3-9753-C8F854D2F818}.BI_Develop|Any CPU.Build.0 = Release|Any CPU
		{7DCCC5F0-3C1D-45F3-9753-C8F854D2F818}.Debug|Any CPU.ActiveCfg = Debug|Any CPU
		{7DCCC5F0-3C1D-45F3-9753-C8F854D2F818}.Debug|Any CPU.Build.0 = Debug|Any CPU
		{7DCCC5F0-3C1D-45F3-9753-C8F854D2F818}.Release|Any CPU.ActiveCfg = Release|Any CPU
		{7DCCC5F0-3C1D-45F3-9753-C8F854D2F818}.Release|Any CPU.Build.0 = Release|Any CPU
		{352A737D-25CC-4AC4-9678-1909437ED0C8}.BI_Develop|Any CPU.ActiveCfg = Release|Any CPU
		{352A737D-25CC-4AC4-9678-1909437ED0C8}.BI_Develop|Any CPU.Build.0 = Release|Any CPU
		{352A737D-25CC-4AC4-9678-1909437ED0C8}.Debug|Any CPU.ActiveCfg = Debug|Any CPU
		{352A737D-25CC-4AC4-9678-1909437ED0C8}.Debug|Any CPU.Build.0 = Debug|Any CPU
		{352A737D-25CC-4AC4-9678-1909437ED0C8}.Release|Any CPU.ActiveCfg = Release|Any CPU
		{352A737D-25CC-4AC4-9678-1909437ED0C8}.Release|Any CPU.Build.0 = Release|Any CPU
		{0AF05193-1726-467F-BF6C-59865CE52651}.BI_Develop|Any CPU.ActiveCfg = Release|Any CPU
		{0AF05193-1726-467F-BF6C-59865CE52651}.BI_Develop|Any CPU.Build.0 = Release|Any CPU
		{0AF05193-1726-467F-BF6C-59865CE52651}.Debug|Any CPU.ActiveCfg = Debug|Any CPU
		{0AF05193-1726-467F-BF6C-59865CE52651}.Debug|Any CPU.Build.0 = Debug|Any CPU
		{0AF05193-1726-467F-BF6C-59865CE52651}.Release|Any CPU.ActiveCfg = Release|Any CPU
		{0AF05193-1726-467F-BF6C-59865CE52651}.Release|Any CPU.Build.0 = Release|Any CPU
		{22727935-E641-4B59-B329-ECEB6625A100}.BI_Develop|Any CPU.ActiveCfg = Release|Any CPU
		{22727935-E641-4B59-B329-ECEB6625A100}.BI_Develop|Any CPU.Build.0 = Release|Any CPU
		{22727935-E641-4B59-B329-ECEB6625A100}.Debug|Any CPU.ActiveCfg = Debug|Any CPU
		{22727935-E641-4B59-B329-ECEB6625A100}.Debug|Any CPU.Build.0 = Debug|Any CPU
		{22727935-E641-4B59-B329-ECEB6625A100}.Release|Any CPU.ActiveCfg = Release|Any CPU
		{22727935-E641-4B59-B329-ECEB6625A100}.Release|Any CPU.Build.0 = Release|Any CPU
		{ECC8FCCB-915B-45F3-A213-EA964FA68314}.BI_Develop|Any CPU.ActiveCfg = Release|Any CPU
		{ECC8FCCB-915B-45F3-A213-EA964FA68314}.BI_Develop|Any CPU.Build.0 = Release|Any CPU
		{ECC8FCCB-915B-45F3-A213-EA964FA68314}.Debug|Any CPU.ActiveCfg = Debug|Any CPU
		{ECC8FCCB-915B-45F3-A213-EA964FA68314}.Debug|Any CPU.Build.0 = Debug|Any CPU
		{ECC8FCCB-915B-45F3-A213-EA964FA68314}.Release|Any CPU.ActiveCfg = Release|Any CPU
		{ECC8FCCB-915B-45F3-A213-EA964FA68314}.Release|Any CPU.Build.0 = Release|Any CPU
		{F80369A2-4E27-4BA6-92C6-B7B539FFEA22}.BI_Develop|Any CPU.ActiveCfg = Release|Any CPU
		{F80369A2-4E27-4BA6-92C6-B7B539FFEA22}.BI_Develop|Any CPU.Build.0 = Release|Any CPU
		{F80369A2-4E27-4BA6-92C6-B7B539FFEA22}.Debug|Any CPU.ActiveCfg = Debug|Any CPU
		{F80369A2-4E27-4BA6-92C6-B7B539FFEA22}.Debug|Any CPU.Build.0 = Debug|Any CPU
		{F80369A2-4E27-4BA6-92C6-B7B539FFEA22}.Release|Any CPU.ActiveCfg = Release|Any CPU
		{F80369A2-4E27-4BA6-92C6-B7B539FFEA22}.Release|Any CPU.Build.0 = Release|Any CPU
		{7D179793-2D9E-4B6D-AEC9-25211F1F9DF0}.BI_Develop|Any CPU.ActiveCfg = Release|Any CPU
		{7D179793-2D9E-4B6D-AEC9-25211F1F9DF0}.BI_Develop|Any CPU.Build.0 = Release|Any CPU
		{7D179793-2D9E-4B6D-AEC9-25211F1F9DF0}.Debug|Any CPU.ActiveCfg = Debug|Any CPU
		{7D179793-2D9E-4B6D-AEC9-25211F1F9DF0}.Debug|Any CPU.Build.0 = Debug|Any CPU
		{7D179793-2D9E-4B6D-AEC9-25211F1F9DF0}.Release|Any CPU.ActiveCfg = Release|Any CPU
		{7D179793-2D9E-4B6D-AEC9-25211F1F9DF0}.Release|Any CPU.Build.0 = Release|Any CPU
		{AB8D834D-DDDF-443A-AFD9-FE2C41E3724D}.BI_Develop|Any CPU.ActiveCfg = BI_Develop|Any CPU
		{AB8D834D-DDDF-443A-AFD9-FE2C41E3724D}.BI_Develop|Any CPU.Build.0 = BI_Develop|Any CPU
		{AB8D834D-DDDF-443A-AFD9-FE2C41E3724D}.Debug|Any CPU.ActiveCfg = Debug|Any CPU
		{AB8D834D-DDDF-443A-AFD9-FE2C41E3724D}.Debug|Any CPU.Build.0 = Debug|Any CPU
		{AB8D834D-DDDF-443A-AFD9-FE2C41E3724D}.Release|Any CPU.ActiveCfg = Release|Any CPU
		{AB8D834D-DDDF-443A-AFD9-FE2C41E3724D}.Release|Any CPU.Build.0 = Release|Any CPU
		{C3EF42AD-B8F6-4067-AD53-515473C7FE14}.BI_Develop|Any CPU.ActiveCfg = Release|Any CPU
		{C3EF42AD-B8F6-4067-AD53-515473C7FE14}.BI_Develop|Any CPU.Build.0 = Release|Any CPU
		{C3EF42AD-B8F6-4067-AD53-515473C7FE14}.Debug|Any CPU.ActiveCfg = Debug|Any CPU
		{C3EF42AD-B8F6-4067-AD53-515473C7FE14}.Debug|Any CPU.Build.0 = Debug|Any CPU
		{C3EF42AD-B8F6-4067-AD53-515473C7FE14}.Release|Any CPU.ActiveCfg = Release|Any CPU
		{C3EF42AD-B8F6-4067-AD53-515473C7FE14}.Release|Any CPU.Build.0 = Release|Any CPU
		{D00893BF-0F2E-43E0-ABCF-41EBA27E78EB}.BI_Develop|Any CPU.ActiveCfg = Release|Any CPU
		{D00893BF-0F2E-43E0-ABCF-41EBA27E78EB}.BI_Develop|Any CPU.Build.0 = Release|Any CPU
		{D00893BF-0F2E-43E0-ABCF-41EBA27E78EB}.Debug|Any CPU.ActiveCfg = Debug|Any CPU
		{D00893BF-0F2E-43E0-ABCF-41EBA27E78EB}.Debug|Any CPU.Build.0 = Debug|Any CPU
		{D00893BF-0F2E-43E0-ABCF-41EBA27E78EB}.Release|Any CPU.ActiveCfg = Release|Any CPU
		{D00893BF-0F2E-43E0-ABCF-41EBA27E78EB}.Release|Any CPU.Build.0 = Release|Any CPU
		{F3D7C6C7-B9FF-47E6-A347-C98891CF95A9}.BI_Develop|Any CPU.ActiveCfg = BI_Develop|Any CPU
		{F3D7C6C7-B9FF-47E6-A347-C98891CF95A9}.BI_Develop|Any CPU.Build.0 = BI_Develop|Any CPU
		{F3D7C6C7-B9FF-47E6-A347-C98891CF95A9}.Debug|Any CPU.ActiveCfg = Debug|Any CPU
		{F3D7C6C7-B9FF-47E6-A347-C98891CF95A9}.Debug|Any CPU.Build.0 = Debug|Any CPU
		{F3D7C6C7-B9FF-47E6-A347-C98891CF95A9}.Release|Any CPU.ActiveCfg = Release|Any CPU
		{F3D7C6C7-B9FF-47E6-A347-C98891CF95A9}.Release|Any CPU.Build.0 = Release|Any CPU
		{815DC245-EB7F-4C0B-A682-09065F76520A}.BI_Develop|Any CPU.ActiveCfg = BI_Develop|Any CPU
		{815DC245-EB7F-4C0B-A682-09065F76520A}.BI_Develop|Any CPU.Build.0 = BI_Develop|Any CPU
		{815DC245-EB7F-4C0B-A682-09065F76520A}.Debug|Any CPU.ActiveCfg = Debug|Any CPU
		{815DC245-EB7F-4C0B-A682-09065F76520A}.Debug|Any CPU.Build.0 = Debug|Any CPU
		{815DC245-EB7F-4C0B-A682-09065F76520A}.Release|Any CPU.ActiveCfg = Release|Any CPU
		{815DC245-EB7F-4C0B-A682-09065F76520A}.Release|Any CPU.Build.0 = Release|Any CPU
		{47A463E4-EEB7-4FC1-AFD8-F200A29E05B6}.BI_Develop|Any CPU.ActiveCfg = BI_Develop|Any CPU
		{47A463E4-EEB7-4FC1-AFD8-F200A29E05B6}.BI_Develop|Any CPU.Build.0 = BI_Develop|Any CPU
		{47A463E4-EEB7-4FC1-AFD8-F200A29E05B6}.Debug|Any CPU.ActiveCfg = Debug|Any CPU
		{47A463E4-EEB7-4FC1-AFD8-F200A29E05B6}.Debug|Any CPU.Build.0 = Debug|Any CPU
		{47A463E4-EEB7-4FC1-AFD8-F200A29E05B6}.Release|Any CPU.ActiveCfg = Release|Any CPU
		{47A463E4-EEB7-4FC1-AFD8-F200A29E05B6}.Release|Any CPU.Build.0 = Release|Any CPU
		{42A2C4B9-CBD4-4304-938D-EDD5F3631553}.BI_Develop|Any CPU.ActiveCfg = BI_Develop|Any CPU
		{42A2C4B9-CBD4-4304-938D-EDD5F3631553}.BI_Develop|Any CPU.Build.0 = BI_Develop|Any CPU
		{42A2C4B9-CBD4-4304-938D-EDD5F3631553}.Debug|Any CPU.ActiveCfg = Debug|Any CPU
		{42A2C4B9-CBD4-4304-938D-EDD5F3631553}.Debug|Any CPU.Build.0 = Debug|Any CPU
		{42A2C4B9-CBD4-4304-938D-EDD5F3631553}.Release|Any CPU.ActiveCfg = Release|Any CPU
		{42A2C4B9-CBD4-4304-938D-EDD5F3631553}.Release|Any CPU.Build.0 = Release|Any CPU
		{C431B16C-B74F-43FD-A60C-12B3F358E98F}.BI_Develop|Any CPU.ActiveCfg = BI_Develop|Any CPU
		{C431B16C-B74F-43FD-A60C-12B3F358E98F}.BI_Develop|Any CPU.Build.0 = BI_Develop|Any CPU
		{C431B16C-B74F-43FD-A60C-12B3F358E98F}.Debug|Any CPU.ActiveCfg = Debug|Any CPU
		{C431B16C-B74F-43FD-A60C-12B3F358E98F}.Debug|Any CPU.Build.0 = Debug|Any CPU
		{C431B16C-B74F-43FD-A60C-12B3F358E98F}.Release|Any CPU.ActiveCfg = Release|Any CPU
		{C431B16C-B74F-43FD-A60C-12B3F358E98F}.Release|Any CPU.Build.0 = Release|Any CPU
		{D0729020-B33F-4B52-BA07-D747CA37F15E}.BI_Develop|Any CPU.ActiveCfg = BI_Develop|Any CPU
		{D0729020-B33F-4B52-BA07-D747CA37F15E}.BI_Develop|Any CPU.Build.0 = BI_Develop|Any CPU
		{D0729020-B33F-4B52-BA07-D747CA37F15E}.Debug|Any CPU.ActiveCfg = Debug|Any CPU
		{D0729020-B33F-4B52-BA07-D747CA37F15E}.Debug|Any CPU.Build.0 = Debug|Any CPU
		{D0729020-B33F-4B52-BA07-D747CA37F15E}.Release|Any CPU.ActiveCfg = Release|Any CPU
		{D0729020-B33F-4B52-BA07-D747CA37F15E}.Release|Any CPU.Build.0 = Release|Any CPU
	EndGlobalSection
	GlobalSection(SolutionProperties) = preSolution
		HideSolutionNode = FALSE
	EndGlobalSection
	GlobalSection(NestedProjects) = preSolution
		{414497B7-D36D-44D7-9A83-2C7D5327B055} = {8C8DE734-036B-4D2D-8AD1-E311BBC5712C}
		{40ED3DC9-158F-440E-8717-897271D47AC8} = {8C8DE734-036B-4D2D-8AD1-E311BBC5712C}
		{759844D2-8DF7-436D-8AF7-625EE2034F26} = {8C8DE734-036B-4D2D-8AD1-E311BBC5712C}
		{46126CDD-E535-4655-B974-EEE76830F75B} = {8C8DE734-036B-4D2D-8AD1-E311BBC5712C}
		{E9D9DA74-684D-44D9-B5C6-3B297F74B007} = {8C8DE734-036B-4D2D-8AD1-E311BBC5712C}
		{A00352C2-1194-43C9-88FE-C87AFF833325} = {8C8DE734-036B-4D2D-8AD1-E311BBC5712C}
		{C33D6AF4-A6B8-492F-9871-BF6120915D71} = {414497B7-D36D-44D7-9A83-2C7D5327B055}
		{48F4260C-C0CF-4E54-B0D1-67DB4B4121C0} = {414497B7-D36D-44D7-9A83-2C7D5327B055}
		{B72294AD-7A7C-4300-8974-43F94D240368} = {414497B7-D36D-44D7-9A83-2C7D5327B055}
		{20958F29-4ACF-495C-AA87-76DDC5081AB9} = {B8B45FE0-282A-4227-945C-9945CE5916CC}
		{B5802382-EE85-4BFE-ADE3-2A5B82D9F1BB} = {B8B45FE0-282A-4227-945C-9945CE5916CC}
		{28374482-C3AB-4F4C-A1DD-A8167D7F23D7} = {B8B45FE0-282A-4227-945C-9945CE5916CC}
		{0A892CAD-75C0-486F-AAD1-A7BEB434CC2D} = {B8B45FE0-282A-4227-945C-9945CE5916CC}
		{C8D3B5A8-5985-4659-A49C-4CCFB0152676} = {B8B45FE0-282A-4227-945C-9945CE5916CC}
		{7A751BB0-5CB7-4429-86E6-760F47BA3369} = {B8B45FE0-282A-4227-945C-9945CE5916CC}
		{A52229CB-C24D-4B2E-AEB9-5E3519CD94CF} = {B8B45FE0-282A-4227-945C-9945CE5916CC}
		{AB83B3B0-54B9-4F15-AC80-F22D1FA7E2C0} = {B8B45FE0-282A-4227-945C-9945CE5916CC}
		{35579DF5-0FD1-4334-ACC2-4800FFC2827F} = {20958F29-4ACF-495C-AA87-76DDC5081AB9}
		{52C51ECD-D368-42A1-B3AB-BBFA1BC4EDAA} = {20958F29-4ACF-495C-AA87-76DDC5081AB9}
		{9F34DBC8-87CA-426E-8826-3902B74D4F39} = {20958F29-4ACF-495C-AA87-76DDC5081AB9}
		{0AF05193-1726-467F-BF6C-59865CE52651} = {20958F29-4ACF-495C-AA87-76DDC5081AB9}
		{22727935-E641-4B59-B329-ECEB6625A100} = {20958F29-4ACF-495C-AA87-76DDC5081AB9}
		{A8340CDA-5F58-49DD-A30F-E65376471CAB} = {5F32A22C-2323-4FCC-88CC-A783D68C3CC4}
		{2503AD7B-4B19-4AE2-8D7F-39811FFEB13A} = {5F32A22C-2323-4FCC-88CC-A783D68C3CC4}
		{800645BA-2D1E-4C5A-9CDD-8C5FF093EC31} = {5F32A22C-2323-4FCC-88CC-A783D68C3CC4}
		{AB8D834D-DDDF-443A-AFD9-FE2C41E3724D} = {5F32A22C-2323-4FCC-88CC-A783D68C3CC4}
		{D00893BF-0F2E-43E0-ABCF-41EBA27E78EB} = {5F32A22C-2323-4FCC-88CC-A783D68C3CC4}
		{AF40F839-961F-4A21-B5B3-50FF0F48B3B2} = {AEF53617-4B25-45DC-AEEC-BB5A6F7D8032}
		{0FB48CFD-AC85-4207-93B5-AB3E1F1798F4} = {AEF53617-4B25-45DC-AEEC-BB5A6F7D8032}
		{B85562FD-9A9B-438E-928D-B12C7DF3CF2E} = {AEF53617-4B25-45DC-AEEC-BB5A6F7D8032}
		{7D179793-2D9E-4B6D-AEC9-25211F1F9DF0} = {AEF53617-4B25-45DC-AEEC-BB5A6F7D8032}
		{C3EF42AD-B8F6-4067-AD53-515473C7FE14} = {AEF53617-4B25-45DC-AEEC-BB5A6F7D8032}
		{7DCCC5F0-3C1D-45F3-9753-C8F854D2F818} = {2545C36A-FE55-466E-B8BD-7EBC0E762458}
		{352A737D-25CC-4AC4-9678-1909437ED0C8} = {A4D9FC7F-254D-447C-8FEA-27EA51B09CC1}
		{ECC8FCCB-915B-45F3-A213-EA964FA68314} = {AB83B3B0-54B9-4F15-AC80-F22D1FA7E2C0}
		{F80369A2-4E27-4BA6-92C6-B7B539FFEA22} = {AB83B3B0-54B9-4F15-AC80-F22D1FA7E2C0}
		{815DC245-EB7F-4C0B-A682-09065F76520A} = {59CE5B5C-E3A2-42FB-9880-7C8AC10D5D32}
		{42A2C4B9-CBD4-4304-938D-EDD5F3631553} = {59CE5B5C-E3A2-42FB-9880-7C8AC10D5D32}
		{F3D7C6C7-B9FF-47E6-A347-C98891CF95A9} = {F7132C7D-49AE-4F82-B91C-CD6C2445B9F5}
		{47A463E4-EEB7-4FC1-AFD8-F200A29E05B6} = {F7132C7D-49AE-4F82-B91C-CD6C2445B9F5}
		{C431B16C-B74F-43FD-A60C-12B3F358E98F} = {F7132C7D-49AE-4F82-B91C-CD6C2445B9F5}
		{D0729020-B33F-4B52-BA07-D747CA37F15E} = {F7132C7D-49AE-4F82-B91C-CD6C2445B9F5}
	EndGlobalSection
EndGlobal
