
Microsoft Visual Studio Solution File, Format Version 10.00
# Visual Studio 2008
Project("{FAE04EC0-301F-11D3-BF4B-00C04F79EFBC}") = "Wing.Server.Host", "Server\Wing.Server.Host\Wing.Server.Host.csproj", "{40ED3DC9-158F-440E-8717-897271D47AC8}"
EndProject
Project("{FAE04EC0-301F-11D3-BF4B-00C04F79EFBC}") = "Wing.Soa", "Server\Wing.Soa\Wing.Soa.csproj", "{B3EF0841-9C77-4364-AD6D-37ADB4DF09EE}"
EndProject
Project("{FAE04EC0-301F-11D3-BF4B-00C04F79EFBC}") = "Wing.Server.Bootstrap", "Server\Wing.Server.Bootstrap\Wing.Server.Bootstrap.csproj", "{759844D2-8DF7-436D-8AF7-625EE2034F26}"
EndProject
Project("{FAE04EC0-301F-11D3-BF4B-00C04F79EFBC}") = "Wing.Server.Core", "Server\Wing.Server.Core\Wing.Server.Core.csproj", "{46126CDD-E535-4655-B974-EEE76830F75B}"
EndProject
Project("{FAE04EC0-301F-11D3-BF4B-00C04F79EFBC}") = "Wing.UnityServiceLocator", "Shared\Wing.UnityServiceLocator\Wing.UnityServiceLocator.csproj", "{AF40F839-961F-4A21-B5B3-50FF0F48B3B2}"
EndProject
Project("{2150E333-8FDC-42A3-9474-1A3956D46DE8}") = "Modules", "Modules", "{414497B7-D36D-44D7-9A83-2C7D5327B055}"
EndProject
Project("{FAE04EC0-301F-11D3-BF4B-00C04F79EFBC}") = "Wing.Core", "Shared\Wing.Core\Wing.Core.csproj", "{0FB48CFD-AC85-4207-93B5-AB3E1F1798F4}"
EndProject
Project("{2150E333-8FDC-42A3-9474-1A3956D46DE8}") = "Server", "Server", "{8C8DE734-036B-4D2D-8AD1-E311BBC5712C}"
EndProject
Project("{FAE04EC0-301F-11D3-BF4B-00C04F79EFBC}") = "Wing.Core.Silverlight", "Shared\Wing.Core.Silverlight\Wing.Core.Silverlight.csproj", "{A8340CDA-5F58-49DD-A30F-E65376471CAB}"
EndProject
Project("{FAE04EC0-301F-11D3-BF4B-00C04F79EFBC}") = "Wing.UnityServiceLocator.Silverlight", "Shared\Wing.UnityServiceLocator.Silverlight\Wing.UnityServiceLocator.Silverlight.csproj", "{2503AD7B-4B19-4AE2-8D7F-39811FFEB13A}"
EndProject
Project("{2150E333-8FDC-42A3-9474-1A3956D46DE8}") = "Client", "Client", "{B8B45FE0-282A-4227-945C-9945CE5916CC}"
EndProject
Project("{2150E333-8FDC-42A3-9474-1A3956D46DE8}") = "Modules", "Modules", "{20958F29-4ACF-495C-AA87-76DDC5081AB9}"
EndProject
Project("{FAE04EC0-301F-11D3-BF4B-00C04F79EFBC}") = "Wing.Client.Host", "Client\Wing.Client.Host\Wing.Client.Host.csproj", "{B5802382-EE85-4BFE-ADE3-2A5B82D9F1BB}"
EndProject
Project("{2150E333-8FDC-42A3-9474-1A3956D46DE8}") = "Shared.Silverlight", "Shared.Silverlight", "{5F32A22C-2323-4FCC-88CC-A783D68C3CC4}"
EndProject
Project("{2150E333-8FDC-42A3-9474-1A3956D46DE8}") = "Shared.Classic", "Shared.Classic", "{AEF53617-4B25-45DC-AEEC-BB5A6F7D8032}"
EndProject
Project("{2150E333-8FDC-42A3-9474-1A3956D46DE8}") = "Services", "Services", "{2545C36A-FE55-466E-B8BD-7EBC0E762458}"
EndProject
Project("{FAE04EC0-301F-11D3-BF4B-00C04F79EFBC}") = "Wing.Utils", "Shared\Wing.Utils\Wing.Utils.csproj", "{B85562FD-9A9B-438E-928D-B12C7DF3CF2E}"
EndProject
Project("{FAE04EC0-301F-11D3-BF4B-00C04F79EFBC}") = "Wing.Utils.Silverlight", "Shared\Wing.Utils.Silverlight\Wing.Utils.Silverlight.csproj", "{800645BA-2D1E-4C5A-9CDD-8C5FF093EC31}"
EndProject
Project("{FAE04EC0-301F-11D3-BF4B-00C04F79EFBC}") = "Wing.Client.Core", "Client\Wing.Client.Core\Wing.Client.Core.csproj", "{28374482-C3AB-4F4C-A1DD-A8167D7F23D7}"
EndProject
Project("{FAE04EC0-301F-11D3-BF4B-00C04F79EFBC}") = "Wing.Server.Modules.ClientAssemblyProvider", "Server\Modules\Wing.Server.Modules.ClientAssemblyProvider\Wing.Server.Modules.ClientAssemblyProvider.csproj", "{8FAD8BC5-7F6A-4D69-A622-C135A8A23010}"
EndProject
Global
	GlobalSection(SolutionConfigurationPlatforms) = preSolution
		Debug|Any CPU = Debug|Any CPU
		Release|Any CPU = Release|Any CPU
	EndGlobalSection
	GlobalSection(ProjectConfigurationPlatforms) = postSolution
		{40ED3DC9-158F-440E-8717-897271D47AC8}.Debug|Any CPU.ActiveCfg = Debug|Any CPU
		{40ED3DC9-158F-440E-8717-897271D47AC8}.Debug|Any CPU.Build.0 = Debug|Any CPU
		{40ED3DC9-158F-440E-8717-897271D47AC8}.Release|Any CPU.ActiveCfg = Release|Any CPU
		{40ED3DC9-158F-440E-8717-897271D47AC8}.Release|Any CPU.Build.0 = Release|Any CPU
		{B3EF0841-9C77-4364-AD6D-37ADB4DF09EE}.Debug|Any CPU.ActiveCfg = Debug|Any CPU
		{B3EF0841-9C77-4364-AD6D-37ADB4DF09EE}.Debug|Any CPU.Build.0 = Debug|Any CPU
		{B3EF0841-9C77-4364-AD6D-37ADB4DF09EE}.Release|Any CPU.ActiveCfg = Release|Any CPU
		{B3EF0841-9C77-4364-AD6D-37ADB4DF09EE}.Release|Any CPU.Build.0 = Release|Any CPU
		{759844D2-8DF7-436D-8AF7-625EE2034F26}.Debug|Any CPU.ActiveCfg = Debug|Any CPU
		{759844D2-8DF7-436D-8AF7-625EE2034F26}.Debug|Any CPU.Build.0 = Debug|Any CPU
		{759844D2-8DF7-436D-8AF7-625EE2034F26}.Release|Any CPU.ActiveCfg = Release|Any CPU
		{759844D2-8DF7-436D-8AF7-625EE2034F26}.Release|Any CPU.Build.0 = Release|Any CPU
		{46126CDD-E535-4655-B974-EEE76830F75B}.Debug|Any CPU.ActiveCfg = Debug|Any CPU
		{46126CDD-E535-4655-B974-EEE76830F75B}.Debug|Any CPU.Build.0 = Debug|Any CPU
		{46126CDD-E535-4655-B974-EEE76830F75B}.Release|Any CPU.ActiveCfg = Release|Any CPU
		{46126CDD-E535-4655-B974-EEE76830F75B}.Release|Any CPU.Build.0 = Release|Any CPU
		{AF40F839-961F-4A21-B5B3-50FF0F48B3B2}.Debug|Any CPU.ActiveCfg = Debug|Any CPU
		{AF40F839-961F-4A21-B5B3-50FF0F48B3B2}.Debug|Any CPU.Build.0 = Debug|Any CPU
		{AF40F839-961F-4A21-B5B3-50FF0F48B3B2}.Release|Any CPU.ActiveCfg = Release|Any CPU
		{AF40F839-961F-4A21-B5B3-50FF0F48B3B2}.Release|Any CPU.Build.0 = Release|Any CPU
		{0FB48CFD-AC85-4207-93B5-AB3E1F1798F4}.Debug|Any CPU.ActiveCfg = Debug|Any CPU
		{0FB48CFD-AC85-4207-93B5-AB3E1F1798F4}.Debug|Any CPU.Build.0 = Debug|Any CPU
		{0FB48CFD-AC85-4207-93B5-AB3E1F1798F4}.Release|Any CPU.ActiveCfg = Release|Any CPU
		{0FB48CFD-AC85-4207-93B5-AB3E1F1798F4}.Release|Any CPU.Build.0 = Release|Any CPU
		{A8340CDA-5F58-49DD-A30F-E65376471CAB}.Debug|Any CPU.ActiveCfg = Debug|Any CPU
		{A8340CDA-5F58-49DD-A30F-E65376471CAB}.Debug|Any CPU.Build.0 = Debug|Any CPU
		{A8340CDA-5F58-49DD-A30F-E65376471CAB}.Release|Any CPU.ActiveCfg = Release|Any CPU
		{A8340CDA-5F58-49DD-A30F-E65376471CAB}.Release|Any CPU.Build.0 = Release|Any CPU
		{2503AD7B-4B19-4AE2-8D7F-39811FFEB13A}.Debug|Any CPU.ActiveCfg = Debug|Any CPU
		{2503AD7B-4B19-4AE2-8D7F-39811FFEB13A}.Debug|Any CPU.Build.0 = Debug|Any CPU
		{2503AD7B-4B19-4AE2-8D7F-39811FFEB13A}.Release|Any CPU.ActiveCfg = Release|Any CPU
		{2503AD7B-4B19-4AE2-8D7F-39811FFEB13A}.Release|Any CPU.Build.0 = Release|Any CPU
		{B5802382-EE85-4BFE-ADE3-2A5B82D9F1BB}.Debug|Any CPU.ActiveCfg = Debug|Any CPU
		{B5802382-EE85-4BFE-ADE3-2A5B82D9F1BB}.Debug|Any CPU.Build.0 = Debug|Any CPU
		{B5802382-EE85-4BFE-ADE3-2A5B82D9F1BB}.Release|Any CPU.ActiveCfg = Release|Any CPU
		{B5802382-EE85-4BFE-ADE3-2A5B82D9F1BB}.Release|Any CPU.Build.0 = Release|Any CPU
		{B85562FD-9A9B-438E-928D-B12C7DF3CF2E}.Debug|Any CPU.ActiveCfg = Debug|Any CPU
		{B85562FD-9A9B-438E-928D-B12C7DF3CF2E}.Debug|Any CPU.Build.0 = Debug|Any CPU
		{B85562FD-9A9B-438E-928D-B12C7DF3CF2E}.Release|Any CPU.ActiveCfg = Release|Any CPU
		{B85562FD-9A9B-438E-928D-B12C7DF3CF2E}.Release|Any CPU.Build.0 = Release|Any CPU
		{800645BA-2D1E-4C5A-9CDD-8C5FF093EC31}.Debug|Any CPU.ActiveCfg = Debug|Any CPU
		{800645BA-2D1E-4C5A-9CDD-8C5FF093EC31}.Debug|Any CPU.Build.0 = Debug|Any CPU
		{800645BA-2D1E-4C5A-9CDD-8C5FF093EC31}.Release|Any CPU.ActiveCfg = Release|Any CPU
		{800645BA-2D1E-4C5A-9CDD-8C5FF093EC31}.Release|Any CPU.Build.0 = Release|Any CPU
		{28374482-C3AB-4F4C-A1DD-A8167D7F23D7}.Debug|Any CPU.ActiveCfg = Debug|Any CPU
		{28374482-C3AB-4F4C-A1DD-A8167D7F23D7}.Debug|Any CPU.Build.0 = Debug|Any CPU
		{28374482-C3AB-4F4C-A1DD-A8167D7F23D7}.Release|Any CPU.ActiveCfg = Release|Any CPU
		{28374482-C3AB-4F4C-A1DD-A8167D7F23D7}.Release|Any CPU.Build.0 = Release|Any CPU
		{8FAD8BC5-7F6A-4D69-A622-C135A8A23010}.Debug|Any CPU.ActiveCfg = Debug|Any CPU
		{8FAD8BC5-7F6A-4D69-A622-C135A8A23010}.Debug|Any CPU.Build.0 = Debug|Any CPU
		{8FAD8BC5-7F6A-4D69-A622-C135A8A23010}.Release|Any CPU.ActiveCfg = Release|Any CPU
		{8FAD8BC5-7F6A-4D69-A622-C135A8A23010}.Release|Any CPU.Build.0 = Release|Any CPU
	EndGlobalSection
	GlobalSection(SolutionProperties) = preSolution
		HideSolutionNode = FALSE
	EndGlobalSection
	GlobalSection(NestedProjects) = preSolution
		{B3EF0841-9C77-4364-AD6D-37ADB4DF09EE} = {8C8DE734-036B-4D2D-8AD1-E311BBC5712C}
		{759844D2-8DF7-436D-8AF7-625EE2034F26} = {8C8DE734-036B-4D2D-8AD1-E311BBC5712C}
		{46126CDD-E535-4655-B974-EEE76830F75B} = {8C8DE734-036B-4D2D-8AD1-E311BBC5712C}
		{414497B7-D36D-44D7-9A83-2C7D5327B055} = {8C8DE734-036B-4D2D-8AD1-E311BBC5712C}
		{40ED3DC9-158F-440E-8717-897271D47AC8} = {8C8DE734-036B-4D2D-8AD1-E311BBC5712C}
		{0FB48CFD-AC85-4207-93B5-AB3E1F1798F4} = {AEF53617-4B25-45DC-AEEC-BB5A6F7D8032}
		{AF40F839-961F-4A21-B5B3-50FF0F48B3B2} = {AEF53617-4B25-45DC-AEEC-BB5A6F7D8032}
		{B85562FD-9A9B-438E-928D-B12C7DF3CF2E} = {AEF53617-4B25-45DC-AEEC-BB5A6F7D8032}
		{8FAD8BC5-7F6A-4D69-A622-C135A8A23010} = {414497B7-D36D-44D7-9A83-2C7D5327B055}
		{2503AD7B-4B19-4AE2-8D7F-39811FFEB13A} = {5F32A22C-2323-4FCC-88CC-A783D68C3CC4}
		{A8340CDA-5F58-49DD-A30F-E65376471CAB} = {5F32A22C-2323-4FCC-88CC-A783D68C3CC4}
		{800645BA-2D1E-4C5A-9CDD-8C5FF093EC31} = {5F32A22C-2323-4FCC-88CC-A783D68C3CC4}
		{20958F29-4ACF-495C-AA87-76DDC5081AB9} = {B8B45FE0-282A-4227-945C-9945CE5916CC}
		{B5802382-EE85-4BFE-ADE3-2A5B82D9F1BB} = {B8B45FE0-282A-4227-945C-9945CE5916CC}
		{28374482-C3AB-4F4C-A1DD-A8167D7F23D7} = {B8B45FE0-282A-4227-945C-9945CE5916CC}
	EndGlobalSection
EndGlobal
