
Microsoft Visual Studio Solution File, Format Version 10.00
# Visual Studio 2008
Project("{FAE04EC0-301F-11D3-BF4B-00C04F79EFBC}") = "Wing.Client", "Wing.Client.csproj", "{B5802382-EE85-4BFE-ADE3-2A5B82D9F1BB}"
EndProject
Project("{FAE04EC0-301F-11D3-BF4B-00C04F79EFBC}") = "Wing.Host", "..\Wing.Host\Wing.Host.csproj", "{40ED3DC9-158F-440E-8717-897271D47AC8}"
EndProject
Project("{2150E333-8FDC-42A3-9474-1A3956D46DE8}") = "Starters", "Starters", "{D5BFFBC9-8CF5-4E5F-BDE6-99E7FC575344}"
EndProject
Project("{2150E333-8FDC-42A3-9474-1A3956D46DE8}") = "Subsystem", "Subsystem", "{1F84293D-04D0-4802-BFF6-F11FD9BF12DE}"
EndProject
Project("{2150E333-8FDC-42A3-9474-1A3956D46DE8}") = "Services", "Services", "{B7E2E4F9-888E-4719-9235-47D13D306F61}"
EndProject
Project("{FAE04EC0-301F-11D3-BF4B-00C04F79EFBC}") = "Wing.Soa", "..\Wing.Soa\Wing.Soa.csproj", "{B3EF0841-9C77-4364-AD6D-37ADB4DF09EE}"
EndProject
Project("{FAE04EC0-301F-11D3-BF4B-00C04F79EFBC}") = "Wing.ServerCore", "..\Wing.ServerCore\Wing.ServerCore.csproj", "{021485AE-9E3E-4868-9B51-4670E1696025}"
EndProject
Global
	GlobalSection(SolutionConfigurationPlatforms) = preSolution
		Debug|Any CPU = Debug|Any CPU
		Release|Any CPU = Release|Any CPU
	EndGlobalSection
	GlobalSection(ProjectConfigurationPlatforms) = postSolution
		{B5802382-EE85-4BFE-ADE3-2A5B82D9F1BB}.Debug|Any CPU.ActiveCfg = Debug|Any CPU
		{B5802382-EE85-4BFE-ADE3-2A5B82D9F1BB}.Debug|Any CPU.Build.0 = Debug|Any CPU
		{B5802382-EE85-4BFE-ADE3-2A5B82D9F1BB}.Release|Any CPU.ActiveCfg = Release|Any CPU
		{B5802382-EE85-4BFE-ADE3-2A5B82D9F1BB}.Release|Any CPU.Build.0 = Release|Any CPU
		{40ED3DC9-158F-440E-8717-897271D47AC8}.Debug|Any CPU.ActiveCfg = Debug|Any CPU
		{40ED3DC9-158F-440E-8717-897271D47AC8}.Debug|Any CPU.Build.0 = Debug|Any CPU
		{40ED3DC9-158F-440E-8717-897271D47AC8}.Release|Any CPU.ActiveCfg = Release|Any CPU
		{40ED3DC9-158F-440E-8717-897271D47AC8}.Release|Any CPU.Build.0 = Release|Any CPU
		{B3EF0841-9C77-4364-AD6D-37ADB4DF09EE}.Debug|Any CPU.ActiveCfg = Debug|Any CPU
		{B3EF0841-9C77-4364-AD6D-37ADB4DF09EE}.Debug|Any CPU.Build.0 = Debug|Any CPU
		{B3EF0841-9C77-4364-AD6D-37ADB4DF09EE}.Release|Any CPU.ActiveCfg = Release|Any CPU
		{B3EF0841-9C77-4364-AD6D-37ADB4DF09EE}.Release|Any CPU.Build.0 = Release|Any CPU
		{021485AE-9E3E-4868-9B51-4670E1696025}.Debug|Any CPU.ActiveCfg = Debug|Any CPU
		{021485AE-9E3E-4868-9B51-4670E1696025}.Debug|Any CPU.Build.0 = Debug|Any CPU
		{021485AE-9E3E-4868-9B51-4670E1696025}.Release|Any CPU.ActiveCfg = Release|Any CPU
		{021485AE-9E3E-4868-9B51-4670E1696025}.Release|Any CPU.Build.0 = Release|Any CPU
	EndGlobalSection
	GlobalSection(SolutionProperties) = preSolution
		HideSolutionNode = FALSE
	EndGlobalSection
	GlobalSection(NestedProjects) = preSolution
		{40ED3DC9-158F-440E-8717-897271D47AC8} = {D5BFFBC9-8CF5-4E5F-BDE6-99E7FC575344}
		{B5802382-EE85-4BFE-ADE3-2A5B82D9F1BB} = {D5BFFBC9-8CF5-4E5F-BDE6-99E7FC575344}
		{B7E2E4F9-888E-4719-9235-47D13D306F61} = {1F84293D-04D0-4802-BFF6-F11FD9BF12DE}
		{021485AE-9E3E-4868-9B51-4670E1696025} = {1F84293D-04D0-4802-BFF6-F11FD9BF12DE}
		{B3EF0841-9C77-4364-AD6D-37ADB4DF09EE} = {B7E2E4F9-888E-4719-9235-47D13D306F61}
	EndGlobalSection
EndGlobal
